
Microsoft Visual Studio Solution File, Format Version 12.00
Project("{FAE04EC0-301F-11D3-BF4B-00C04F79EFBC}") = "PrototypeShallowCopy", "PrototypeShallowCopy\PrototypeShallowCopy.csproj", "{287DA803-F3CF-4216-B40A-CECC790B8259}"
EndProject
Global
	GlobalSection(SolutionConfigurationPlatforms) = preSolution
		Debug|Any CPU = Debug|Any CPU
		Release|Any CPU = Release|Any CPU
	EndGlobalSection
	GlobalSection(ProjectConfigurationPlatforms) = postSolution
		{287DA803-F3CF-4216-B40A-CECC790B8259}.Debug|Any CPU.ActiveCfg = Debug|Any CPU
		{287DA803-F3CF-4216-B40A-CECC790B8259}.Debug|Any CPU.Build.0 = Debug|Any CPU
		{287DA803-F3CF-4216-B40A-CECC790B8259}.Release|Any CPU.ActiveCfg = Release|Any CPU
		{287DA803-F3CF-4216-B40A-CECC790B8259}.Release|Any CPU.Build.0 = Release|Any CPU
	EndGlobalSection
EndGlobal
